
Microsoft Visual Studio Solution File, Format Version 12.00
# Visual Studio Version 17
VisualStudioVersion = 17.8.34330.188
MinimumVisualStudioVersion = 10.0.40219.1
Project("{FAE04EC0-301F-11D3-BF4B-00C04F79EFBC}") = "DHL_LOGIN_FINAL", "DHL_LOGIN_FINAL.csproj", "{D7B7AB6D-BBFB-484B-87EF-9125D154834B}"
EndProject
Global
	GlobalSection(SolutionConfigurationPlatforms) = preSolution
		Debug|Any CPU = Debug|Any CPU
		Release|Any CPU = Release|Any CPU
	EndGlobalSection
	GlobalSection(ProjectConfigurationPlatforms) = postSolution
		{D7B7AB6D-BBFB-484B-87EF-9125D154834B}.Debug|Any CPU.ActiveCfg = Debug|Any CPU
		{D7B7AB6D-BBFB-484B-87EF-9125D154834B}.Debug|Any CPU.Build.0 = Debug|Any CPU
		{D7B7AB6D-BBFB-484B-87EF-9125D154834B}.Release|Any CPU.ActiveCfg = Release|Any CPU
		{D7B7AB6D-BBFB-484B-87EF-9125D154834B}.Release|Any CPU.Build.0 = Release|Any CPU
	EndGlobalSection
	GlobalSection(SolutionProperties) = preSolution
		HideSolutionNode = FALSE
	EndGlobalSection
	GlobalSection(ExtensibilityGlobals) = postSolution
		SolutionGuid = {39FA85E5-DC24-4DAD-B4A3-51936CCC5830}
	EndGlobalSection
EndGlobal
